PODS:
  - livemap-ios-sdk (2.7.0)

DEPENDENCIES:
  - "livemap-ios-sdk (from `git@github.com:wemap/livemap-ios-sdk.git`, branch `master`)"

EXTERNAL SOURCES:
  livemap-ios-sdk:
    :branch: master
    :git: "git@github.com:wemap/livemap-ios-sdk.git"

CHECKOUT OPTIONS:
  livemap-ios-sdk:
    :commit: d61ee2ac7a3843aa23b7998a7ed38a239d3a114e
    :git: "git@github.com:wemap/livemap-ios-sdk.git"

SPEC CHECKSUMS:
  livemap-ios-sdk: a8a0414ceeca5e24b39a6c8b06c653b9de1e1e52

PODFILE CHECKSUM: f6978a1d97533320a859b371c4b7c65c02d18f39

COCOAPODS: 1.14.3
