PODS:
  - livemap-ios-sdk (2.0.0):
    - NAOSDK
  - NAOSDK (4.11.7)

DEPENDENCIES:
  - "livemap-ios-sdk (from `git@github.com:wemap/livemap-ios-sdk.git`, branch `develop`)"

SPEC REPOS:
  trunk:
    - NAOSDK

EXTERNAL SOURCES:
  livemap-ios-sdk:
    :branch: develop
    :git: "git@github.com:wemap/livemap-ios-sdk.git"

CHECKOUT OPTIONS:
  livemap-ios-sdk:
    :commit: 79192345ca53e3d5ac6854d24f676a373db1014f
    :git: "git@github.com:wemap/livemap-ios-sdk.git"

SPEC CHECKSUMS:
  livemap-ios-sdk: 434eed4f3b2af64a313089f99c394442604ff571
  NAOSDK: df009f164d494e9246ca2e8e5539699d05b8b048

PODFILE CHECKSUM: 7e9c424b58feff3e06817652a8fbb2a457f55d2b

COCOAPODS: 1.11.2
