// !$*UTF8*$!
{
	archiveVersion = 1;
	classes = {
	};
	objectVersion = 51;
	objects = {

/* Begin PBXBuildFile section */
		06BDC4312400197800527F0F /* AppDelegate.swift in Sources */ = {isa = PBXBuildFile; fileRef = 06BDC4302400197800527F0F /* AppDelegate.swift */; };
		06BDC4332400197800527F0F /* ViewController.swift in Sources */ = {isa = PBXBuildFile; fileRef = 06BDC4322400197800527F0F /* ViewController.swift */; };
		06BDC4362400197800527F0F /* Main.storyboard in Resources */ = {isa = PBXBuildFile; fileRef = 06BDC4342400197800527F0F /* Main.storyboard */; };
		06BDC4382400197B00527F0F /* Assets.xcassets in Resources */ = {isa = PBXBuildFile; fileRef = 06BDC4372400197B00527F0F /* Assets.xcassets */; };
		06BDC43B2400197B00527F0F /* LaunchScreen.storyboard in Resources */ = {isa = PBXBuildFile; fileRef = 06BDC4392400197B00527F0F /* LaunchScreen.storyboard */; };
		2AAC3E0AED677BB09247ACDC /* Pods_livemap_ios_sdk_sample.framework in Frameworks */ = {isa = PBXBuildFile; fileRef = 78864860A1A69811D43CD2D5 /* Pods_livemap_ios_sdk_sample.framework */; };
		B945F98C2835226900F2BEAD /* nao.kml in Resources */ = {isa = PBXBuildFile; fileRef = B945F98B2835226900F2BEAD /* nao.kml */; };
/* End PBXBuildFile section */

/* Begin PBXCopyFilesBuildPhase section */
		B950FACE282A5D040058A670 /* Embed Frameworks */ = {
			isa = PBXCopyFilesBuildPhase;
			buildActionMask = 2147483647;
			dstPath = "";
			dstSubfolderSpec = 10;
			files = (
			);
			name = "Embed Frameworks";
			runOnlyForDeploymentPostprocessing = 0;
		};
/* End PBXCopyFilesBuildPhase section */

/* Begin PBXFileReference section */
		06BDC42D2400197800527F0F /* livemap-ios-sdk-sample.app */ = {isa = PBXFileReference; explicitFileType = wrapper.application; includeInIndex = 0; path = "livemap-ios-sdk-sample.app"; sourceTree = BUILT_PRODUCTS_DIR; };
		06BDC4302400197800527F0F /* AppDelegate.swift */ = {isa = PBXFileReference; lastKnownFileType = sourcecode.swift; path = AppDelegate.swift; sourceTree = "<group>"; };
		06BDC4322400197800527F0F /* ViewController.swift */ = {isa = PBXFileReference; lastKnownFileType = sourcecode.swift; path = ViewController.swift; sourceTree = "<group>"; };
		06BDC4352400197800527F0F /* Base */ = {isa = PBXFileReference; lastKnownFileType = file.storyboard; name = Base; path = Base.lproj/Main.storyboard; sourceTree = "<group>"; };
		06BDC4372400197B00527F0F /* Assets.xcassets */ = {isa = PBXFileReference; lastKnownFileType = folder.assetcatalog; path = Assets.xcassets; sourceTree = "<group>"; };
		06BDC43A2400197B00527F0F /* Base */ = {isa = PBXFileReference; lastKnownFileType = file.storyboard; name = Base; path = Base.lproj/LaunchScreen.storyboard; sourceTree = "<group>"; };
		06BDC43C2400197B00527F0F /* Info.plist */ = {isa = PBXFileReference; lastKnownFileType = text.plist.xml; path = Info.plist; sourceTree = "<group>"; };
		78864860A1A69811D43CD2D5 /* Pods_livemap_ios_sdk_sample.framework */ = {isa = PBXFileReference; explicitFileType = wrapper.framework; includeInIndex = 0; path = Pods_livemap_ios_sdk_sample.framework; sourceTree = BUILT_PRODUCTS_DIR; };
		8126A5CB842231D4BE9FF75B /* Pods-livemap-ios-sdk-sample.debug.xcconfig */ = {isa = PBXFileReference; includeInIndex = 1; lastKnownFileType = text.xcconfig; name = "Pods-livemap-ios-sdk-sample.debug.xcconfig"; path = "Target Support Files/Pods-livemap-ios-sdk-sample/Pods-livemap-ios-sdk-sample.debug.xcconfig"; sourceTree = "<group>"; };
		B945F98B2835226900F2BEAD /* nao.kml */ = {isa = PBXFileReference; fileEncoding = 4; lastKnownFileType = text.xml; path = nao.kml; sourceTree = "<group>"; };
		E7367BEEF9F68E4E07790540 /* Pods-livemap-ios-sdk-sample.release.xcconfig */ = {isa = PBXFileReference; includeInIndex = 1; lastKnownFileType = text.xcconfig; name = "Pods-livemap-ios-sdk-sample.release.xcconfig"; path = "Target Support Files/Pods-livemap-ios-sdk-sample/Pods-livemap-ios-sdk-sample.release.xcconfig"; sourceTree = "<group>"; };
/* End PBXFileReference section */

/* Begin PBXFrameworksBuildPhase section */
		06BDC42A2400197800527F0F /* Frameworks */ = {
			isa = PBXFrameworksBuildPhase;
			buildActionMask = 2147483647;
			files = (
				2AAC3E0AED677BB09247ACDC /* Pods_livemap_ios_sdk_sample.framework in Frameworks */,
			);
			runOnlyForDeploymentPostprocessing = 0;
		};
/* End PBXFrameworksBuildPhase section */

/* Begin PBXGroup section */
		06BDC4242400197800527F0F = {
			isa = PBXGroup;
			children = (
				B945F98B2835226900F2BEAD /* nao.kml */,
				06BDC42F2400197800527F0F /* livemap-ios-sdk-sample */,
				06BDC42E2400197800527F0F /* Products */,
				229BF00927ABD95200458977 /* Frameworks */,
				500D08529FEC3B4832DCF877 /* Pods */,
			);
			sourceTree = "<group>";
		};
		06BDC42E2400197800527F0F /* Products */ = {
			isa = PBXGroup;
			children = (
				06BDC42D2400197800527F0F /* livemap-ios-sdk-sample.app */,
			);
			name = Products;
			sourceTree = "<group>";
		};
		06BDC42F2400197800527F0F /* livemap-ios-sdk-sample */ = {
			isa = PBXGroup;
			children = (
				06BDC4302400197800527F0F /* AppDelegate.swift */,
				06BDC4322400197800527F0F /* ViewController.swift */,
				06BDC4342400197800527F0F /* Main.storyboard */,
				06BDC4372400197B00527F0F /* Assets.xcassets */,
				06BDC4392400197B00527F0F /* LaunchScreen.storyboard */,
				06BDC43C2400197B00527F0F /* Info.plist */,
			);
			path = "livemap-ios-sdk-sample";
			sourceTree = "<group>";
		};
		229BF00927ABD95200458977 /* Frameworks */ = {
			isa = PBXGroup;
			children = (
				78864860A1A69811D43CD2D5 /* Pods_livemap_ios_sdk_sample.framework */,
			);
			name = Frameworks;
			sourceTree = "<group>";
		};
		500D08529FEC3B4832DCF877 /* Pods */ = {
			isa = PBXGroup;
			children = (
				8126A5CB842231D4BE9FF75B /* Pods-livemap-ios-sdk-sample.debug.xcconfig */,
				E7367BEEF9F68E4E07790540 /* Pods-livemap-ios-sdk-sample.release.xcconfig */,
			);
			path = Pods;
			sourceTree = "<group>";
		};
/* End PBXGroup section */

/* Begin PBXNativeTarget section */
		06BDC42C2400197800527F0F /* livemap-ios-sdk-sample */ = {
			isa = PBXNativeTarget;
			buildConfigurationList = 06BDC43F2400197B00527F0F /* Build configuration list for PBXNativeTarget "livemap-ios-sdk-sample" */;
			buildPhases = (
				4AF41052EC959D10E3CF87BA /* [CP] Check Pods Manifest.lock */,
				06BDC4292400197800527F0F /* Sources */,
				06BDC42A2400197800527F0F /* Frameworks */,
				06BDC42B2400197800527F0F /* Resources */,
				B950FACE282A5D040058A670 /* Embed Frameworks */,
				789D8F7F7DA08A9ABDB59AA5 /* [CP] Copy Pods Resources */,
			);
			buildRules = (
			);
			dependencies = (
			);
			name = "livemap-ios-sdk-sample";
			productName = "livemap-ios-sdk-sample";
			productReference = 06BDC42D2400197800527F0F /* livemap-ios-sdk-sample.app */;
			productType = "com.apple.product-type.application";
		};
/* End PBXNativeTarget section */

/* Begin PBXProject section */
		06BDC4252400197800527F0F /* Project object */ = {
			isa = PBXProject;
			attributes = {
				LastSwiftUpdateCheck = 1030;
				LastUpgradeCheck = 1030;
				ORGANIZATIONNAME = "Bertrand Mathieu-Daudé";
				TargetAttributes = {
					06BDC42C2400197800527F0F = {
						CreatedOnToolsVersion = 10.3;
					};
				};
			};
			buildConfigurationList = 06BDC4282400197800527F0F /* Build configuration list for PBXProject "livemap-ios-sdk-sample" */;
			compatibilityVersion = "Xcode 9.3";
			developmentRegion = en;
			hasScannedForEncodings = 0;
			knownRegions = (
				en,
				Base,
			);
			mainGroup = 06BDC4242400197800527F0F;
			productRefGroup = 06BDC42E2400197800527F0F /* Products */;
			projectDirPath = "";
			projectRoot = "";
			targets = (
				06BDC42C2400197800527F0F /* livemap-ios-sdk-sample */,
			);
		};
/* End PBXProject section */

/* Begin PBXResourcesBuildPhase section */
		06BDC42B2400197800527F0F /* Resources */ = {
			isa = PBXResourcesBuildPhase;
			buildActionMask = 2147483647;
			files = (
				06BDC43B2400197B00527F0F /* LaunchScreen.storyboard in Resources */,
				06BDC4382400197B00527F0F /* Assets.xcassets in Resources */,
				06BDC4362400197800527F0F /* Main.storyboard in Resources */,
				B945F98C2835226900F2BEAD /* nao.kml in Resources */,
			);
			runOnlyForDeploymentPostprocessing = 0;
		};
/* End PBXResourcesBuildPhase section */

/* Begin PBXShellScriptBuildPhase section */
		4AF41052EC959D10E3CF87BA /* [CP] Check Pods Manifest.lock */ = {
			isa = PBXShellScriptBuildPhase;
			buildActionMask = 2147483647;
			files = (
			);
			inputFileListPaths = (
			);
			inputPaths = (
				"${PODS_PODFILE_DIR_PATH}/Podfile.lock",
				"${PODS_ROOT}/Manifest.lock",
			);
			name = "[CP] Check Pods Manifest.lock";
			outputFileListPaths = (
			);
			outputPaths = (
				"$(DERIVED_FILE_DIR)/Pods-livemap-ios-sdk-sample-checkManifestLockResult.txt",
			);
			runOnlyForDeploymentPostprocessing = 0;
			shellPath = /bin/sh;
			shellScript = "diff \"${PODS_PODFILE_DIR_PATH}/Podfile.lock\" \"${PODS_ROOT}/Manifest.lock\" > /dev/null\nif [ $? != 0 ] ; then\n    # print error to STDERR\n    echo \"error: The sandbox is not in sync with the Podfile.lock. Run 'pod install' or update your CocoaPods installation.\" >&2\n    exit 1\nfi\n# This output is used by Xcode 'outputs' to avoid re-running this script phase.\necho \"SUCCESS\" > \"${SCRIPT_OUTPUT_FILE_0}\"\n";
			showEnvVarsInLog = 0;
		};
		789D8F7F7DA08A9ABDB59AA5 /* [CP] Copy Pods Resources */ = {
			isa = PBXShellScriptBuildPhase;
			buildActionMask = 2147483647;
			files = (
			);
			inputFileListPaths = (
				"${PODS_ROOT}/Target Support Files/Pods-livemap-ios-sdk-sample/Pods-livemap-ios-sdk-sample-resources-${CONFIGURATION}-input-files.xcfilelist",
			);
			name = "[CP] Copy Pods Resources";
			outputFileListPaths = (
				"${PODS_ROOT}/Target Support Files/Pods-livemap-ios-sdk-sample/Pods-livemap-ios-sdk-sample-resources-${CONFIGURATION}-output-files.xcfilelist",
			);
			runOnlyForDeploymentPostprocessing = 0;
			shellPath = /bin/sh;
			shellScript = "\"${PODS_ROOT}/Target Support Files/Pods-livemap-ios-sdk-sample/Pods-livemap-ios-sdk-sample-resources.sh\"\n";
			showEnvVarsInLog = 0;
		};
/* End PBXShellScriptBuildPhase section */

/* Begin PBXSourcesBuildPhase section */
		06BDC4292400197800527F0F /* Sources */ = {
			isa = PBXSourcesBuildPhase;
			buildActionMask = 2147483647;
			files = (
				06BDC4332400197800527F0F /* ViewController.swift in Sources */,
				06BDC4312400197800527F0F /* AppDelegate.swift in Sources */,
			);
			runOnlyForDeploymentPostprocessing = 0;
		};
/* End PBXSourcesBuildPhase section */

/* Begin PBXVariantGroup section */
		06BDC4342400197800527F0F /* Main.storyboard */ = {
			isa = PBXVariantGroup;
			children = (
				06BDC4352400197800527F0F /* Base */,
			);
			name = Main.storyboard;
			sourceTree = "<group>";
		};
		06BDC4392400197B00527F0F /* LaunchScreen.storyboard */ = {
			isa = PBXVariantGroup;
			children = (
				06BDC43A2400197B00527F0F /* Base */,
			);
			name = LaunchScreen.storyboard;
			sourceTree = "<group>";
		};
/* End PBXVariantGroup section */

/* Begin XCBuildConfiguration section */
		06BDC43D2400197B00527F0F /* Debug */ = {
			isa = XCBuildConfiguration;
			buildSettings = {
				ALWAYS_SEARCH_USER_PATHS = NO;
				CLANG_ANALYZER_NONNULL = YES;
				CLANG_ANALYZER_NUMBER_OBJECT_CONVERSION = YES_AGGRESSIVE;
				CLANG_CXX_LANGUAGE_STANDARD = "gnu++14";
				CLANG_CXX_LIBRARY = "libc++";
				CLANG_ENABLE_MODULES = YES;
				CLANG_ENABLE_OBJC_ARC = YES;
				CLANG_ENABLE_OBJC_WEAK = YES;
				CLANG_WARN_BLOCK_CAPTURE_AUTORELEASING = YES;
				CLANG_WARN_BOOL_CONVERSION = YES;
				CLANG_WARN_COMMA = YES;
				CLANG_WARN_CONSTANT_CONVERSION = YES;
				CLANG_WARN_DEPRECATED_OBJC_IMPLEMENTATIONS = YES;
				CLANG_WARN_DIRECT_OBJC_ISA_USAGE = YES_ERROR;
				CLANG_WARN_DOCUMENTATION_COMMENTS = YES;
				CLANG_WARN_EMPTY_BODY = YES;
				CLANG_WARN_ENUM_CONVERSION = YES;
				CLANG_WARN_INFINITE_RECURSION = YES;
				CLANG_WARN_INT_CONVERSION = YES;
				CLANG_WARN_NON_LITERAL_NULL_CONVERSION = YES;
				CLANG_WARN_OBJC_IMPLICIT_RETAIN_SELF = YES;
				CLANG_WARN_OBJC_LITERAL_CONVERSION = YES;
				CLANG_WARN_OBJC_ROOT_CLASS = YES_ERROR;
				CLANG_WARN_RANGE_LOOP_ANALYSIS = YES;
				CLANG_WARN_STRICT_PROTOTYPES = YES;
				CLANG_WARN_SUSPICIOUS_MOVE = YES;
				CLANG_WARN_UNGUARDED_AVAILABILITY = YES_AGGRESSIVE;
				CLANG_WARN_UNREACHABLE_CODE = YES;
				CLANG_WARN__DUPLICATE_METHOD_MATCH = YES;
				CODE_SIGN_IDENTITY = "iPhone Developer";
				COPY_PHASE_STRIP = NO;
				DEBUG_INFORMATION_FORMAT = dwarf;
				ENABLE_STRICT_OBJC_MSGSEND = YES;
				ENABLE_TESTABILITY = YES;
				GCC_C_LANGUAGE_STANDARD = gnu11;
				GCC_DYNAMIC_NO_PIC = NO;
				GCC_NO_COMMON_BLOCKS = YES;
				GCC_OPTIMIZATION_LEVEL = 0;
				GCC_PREPROCESSOR_DEFINITIONS = (
					"DEBUG=1",
					"$(inherited)",
				);
				GCC_WARN_64_TO_32_BIT_CONVERSION = YES;
				GCC_WARN_ABOUT_RETURN_TYPE = YES_ERROR;
				GCC_WARN_UNDECLARED_SELECTOR = YES;
				GCC_WARN_UNINITIALIZED_AUTOS = YES_AGGRESSIVE;
				GCC_WARN_UNUSED_FUNCTION = YES;
				GCC_WARN_UNUSED_VARIABLE = YES;
				IPHONEOS_DEPLOYMENT_TARGET = 12.4;
				MTL_ENABLE_DEBUG_INFO = INCLUDE_SOURCE;
				MTL_FAST_MATH = YES;
				ONLY_ACTIVE_ARCH = YES;
				SDKROOT = iphoneos;
				SWIFT_ACTIVE_COMPILATION_CONDITIONS = DEBUG;
				SWIFT_OPTIMIZATION_LEVEL = "-Onone";
			};
			name = Debug;
		};
		06BDC43E2400197B00527F0F /* Release */ = {
			isa = XCBuildConfiguration;
			buildSettings = {
				ALWAYS_SEARCH_USER_PATHS = NO;
				CLANG_ANALYZER_NONNULL = YES;
				CLANG_ANALYZER_NUMBER_OBJECT_CONVERSION = YES_AGGRESSIVE;
				CLANG_CXX_LANGUAGE_STANDARD = "gnu++14";
				CLANG_CXX_LIBRARY = "libc++";
				CLANG_ENABLE_MODULES = YES;
				CLANG_ENABLE_OBJC_ARC = YES;
				CLANG_ENABLE_OBJC_WEAK = YES;
				CLANG_WARN_BLOCK_CAPTURE_AUTORELEASING = YES;
				CLANG_WARN_BOOL_CONVERSION = YES;
				CLANG_WARN_COMMA = YES;
				CLANG_WARN_CONSTANT_CONVERSION = YES;
				CLANG_WARN_DEPRECATED_OBJC_IMPLEMENTATIONS = YES;
				CLANG_WARN_DIRECT_OBJC_ISA_USAGE = YES_ERROR;
				CLANG_WARN_DOCUMENTATION_COMMENTS = YES;
				CLANG_WARN_EMPTY_BODY = YES;
				CLANG_WARN_ENUM_CONVERSION = YES;
				CLANG_WARN_INFINITE_RECURSION = YES;
				CLANG_WARN_INT_CONVERSION = YES;
				CLANG_WARN_NON_LITERAL_NULL_CONVERSION = YES;
				CLANG_WARN_OBJC_IMPLICIT_RETAIN_SELF = YES;
				CLANG_WARN_OBJC_LITERAL_CONVERSION = YES;
				CLANG_WARN_OBJC_ROOT_CLASS = YES_ERROR;
				CLANG_WARN_RANGE_LOOP_ANALYSIS = YES;
				CLANG_WARN_STRICT_PROTOTYPES = YES;
				CLANG_WARN_SUSPICIOUS_MOVE = YES;
				CLANG_WARN_UNGUARDED_AVAILABILITY = YES_AGGRESSIVE;
				CLANG_WARN_UNREACHABLE_CODE = YES;
				CLANG_WARN__DUPLICATE_METHOD_MATCH = YES;
				CODE_SIGN_IDENTITY = "iPhone Developer";
				COPY_PHASE_STRIP = NO;
				DEBUG_INFORMATION_FORMAT = "dwarf-with-dsym";
				ENABLE_NS_ASSERTIONS = NO;
				ENABLE_STRICT_OBJC_MSGSEND = YES;
				GCC_C_LANGUAGE_STANDARD = gnu11;
				GCC_NO_COMMON_BLOCKS = YES;
				GCC_WARN_64_TO_32_BIT_CONVERSION = YES;
				GCC_WARN_ABOUT_RETURN_TYPE = YES_ERROR;
				GCC_WARN_UNDECLARED_SELECTOR = YES;
				GCC_WARN_UNINITIALIZED_AUTOS = YES_AGGRESSIVE;
				GCC_WARN_UNUSED_FUNCTION = YES;
				GCC_WARN_UNUSED_VARIABLE = YES;
				IPHONEOS_DEPLOYMENT_TARGET = 12.4;
				MTL_ENABLE_DEBUG_INFO = NO;
				MTL_FAST_MATH = YES;
				SDKROOT = iphoneos;
				SWIFT_COMPILATION_MODE = wholemodule;
				SWIFT_OPTIMIZATION_LEVEL = "-O";
				VALIDATE_PRODUCT = YES;
			};
			name = Release;
		};
		06BDC4402400197B00527F0F /* Debug */ = {
			isa = XCBuildConfiguration;
			baseConfigurationReference = 8126A5CB842231D4BE9FF75B /* Pods-livemap-ios-sdk-sample.debug.xcconfig */;
			buildSettings = {
				ASSETCATALOG_COMPILER_APPICON_NAME = AppIcon;
				CODE_SIGN_STYLE = Automatic;
				DEVELOPMENT_TEAM = 64DXV5M5R8;
				INFOPLIST_FILE = "livemap-ios-sdk-sample/Info.plist";
				LD_RUNPATH_SEARCH_PATHS = (
					"$(inherited)",
					"@executable_path/Frameworks",
				);
				PRODUCT_BUNDLE_IDENTIFIER = "com.getwemap.livemap-ios-sdk-sample";
				PRODUCT_NAME = "$(TARGET_NAME)";
				SWIFT_VERSION = 5.0;
				TARGETED_DEVICE_FAMILY = "1,2";
			};
			name = Debug;
		};
		06BDC4412400197B00527F0F /* Release */ = {
			isa = XCBuildConfiguration;
			baseConfigurationReference = E7367BEEF9F68E4E07790540 /* Pods-livemap-ios-sdk-sample.release.xcconfig */;
			buildSettings = {
				ASSETCATALOG_COMPILER_APPICON_NAME = AppIcon;
				CODE_SIGN_STYLE = Automatic;
				DEVELOPMENT_TEAM = 64DXV5M5R8;
				INFOPLIST_FILE = "livemap-ios-sdk-sample/Info.plist";
				LD_RUNPATH_SEARCH_PATHS = (
					"$(inherited)",
					"@executable_path/Frameworks",
				);
				PRODUCT_BUNDLE_IDENTIFIER = "com.getwemap.livemap-ios-sdk-sample";
				PRODUCT_NAME = "$(TARGET_NAME)";
				SWIFT_OPTIMIZATION_LEVEL = "-O";
				SWIFT_VERSION = 5.0;
				TARGETED_DEVICE_FAMILY = "1,2";
			};
			name = Release;
		};
/* End XCBuildConfiguration section */

/* Begin XCConfigurationList section */
		06BDC4282400197800527F0F /* Build configuration list for PBXProject "livemap-ios-sdk-sample" */ = {
			isa = XCConfigurationList;
			buildConfigurations = (
				06BDC43D2400197B00527F0F /* Debug */,
				06BDC43E2400197B00527F0F /* Release */,
			);
			defaultConfigurationIsVisible = 0;
			defaultConfigurationName = Release;
		};
		06BDC43F2400197B00527F0F /* Build configuration list for PBXNativeTarget "livemap-ios-sdk-sample" */ = {
			isa = XCConfigurationList;
			buildConfigurations = (
				06BDC4402400197B00527F0F /* Debug */,
				06BDC4412400197B00527F0F /* Release */,
			);
			defaultConfigurationIsVisible = 0;
			defaultConfigurationName = Release;
		};
/* End XCConfigurationList section */
	};
	rootObject = 06BDC4252400197800527F0F /* Project object */;
}
